
Microsoft Visual Studio Solution File, Format Version 12.00
# Visual Studio Version 17
VisualStudioVersion = 17.7.34024.191
MinimumVisualStudioVersion = 10.0.40219.1
Project("{FAE04EC0-301F-11D3-BF4B-00C04F79EFBC}") = "Week3IfAndSwitch", "Week3IfAndSwitch\Week3IfAndSwitch.csproj", "{83B46620-D185-4F72-B4D5-A9DD9BF89CCB}"
EndProject
Project("{FAE04EC0-301F-11D3-BF4B-00C04F79EFBC}") = "OddOrEven", "OddOrEven\OddOrEven.csproj", "{C42911B7-FED9-4988-865D-D898B9A015A3}"
EndProject
Project("{FAE04EC0-301F-11D3-BF4B-00C04F79EFBC}") = "IfDayOfTheWeek", "IfDayOfTheWeek\IfDayOfTheWeek.csproj", "{9DFE270C-D179-4453-94C5-E7E2EBCDFCDE}"
EndProject
Project("{FAE04EC0-301F-11D3-BF4B-00C04F79EFBC}") = "SwitchDayOfTheWeek", "SwitchDayOfTheWeek\SwitchDayOfTheWeek.csproj", "{5794B3FE-8497-48CE-8633-BEAE30BAE494}"
EndProject
Global
	GlobalSection(SolutionConfigurationPlatforms) = preSolution
		Debug|Any CPU = Debug|Any CPU
		Release|Any CPU = Release|Any CPU
	EndGlobalSection
	GlobalSection(ProjectConfigurationPlatforms) = postSolution
		{83B46620-D185-4F72-B4D5-A9DD9BF89CCB}.Debug|Any CPU.ActiveCfg = Debug|Any CPU
		{83B46620-D185-4F72-B4D5-A9DD9BF89CCB}.Debug|Any CPU.Build.0 = Debug|Any CPU
		{83B46620-D185-4F72-B4D5-A9DD9BF89CCB}.Release|Any CPU.ActiveCfg = Release|Any CPU
		{83B46620-D185-4F72-B4D5-A9DD9BF89CCB}.Release|Any CPU.Build.0 = Release|Any CPU
		{C42911B7-FED9-4988-865D-D898B9A015A3}.Debug|Any CPU.ActiveCfg = Debug|Any CPU
		{C42911B7-FED9-4988-865D-D898B9A015A3}.Debug|Any CPU.Build.0 = Debug|Any CPU
		{C42911B7-FED9-4988-865D-D898B9A015A3}.Release|Any CPU.ActiveCfg = Release|Any CPU
		{C42911B7-FED9-4988-865D-D898B9A015A3}.Release|Any CPU.Build.0 = Release|Any CPU
		{9DFE270C-D179-4453-94C5-E7E2EBCDFCDE}.Debug|Any CPU.ActiveCfg = Debug|Any CPU
		{9DFE270C-D179-4453-94C5-E7E2EBCDFCDE}.Debug|Any CPU.Build.0 = Debug|Any CPU
		{9DFE270C-D179-4453-94C5-E7E2EBCDFCDE}.Release|Any CPU.ActiveCfg = Release|Any CPU
		{9DFE270C-D179-4453-94C5-E7E2EBCDFCDE}.Release|Any CPU.Build.0 = Release|Any CPU
		{5794B3FE-8497-48CE-8633-BEAE30BAE494}.Debug|Any CPU.ActiveCfg = Debug|Any CPU
		{5794B3FE-8497-48CE-8633-BEAE30BAE494}.Debug|Any CPU.Build.0 = Debug|Any CPU
		{5794B3FE-8497-48CE-8633-BEAE30BAE494}.Release|Any CPU.ActiveCfg = Release|Any CPU
		{5794B3FE-8497-48CE-8633-BEAE30BAE494}.Release|Any CPU.Build.0 = Release|Any CPU
	EndGlobalSection
	GlobalSection(SolutionProperties) = preSolution
		HideSolutionNode = FALSE
	EndGlobalSection
	GlobalSection(ExtensibilityGlobals) = postSolution
		SolutionGuid = {9AEA4913-5E74-4C00-8486-937B6576CCB7}
	EndGlobalSection
EndGlobal
